
Microsoft Visual Studio Solution File, Format Version 12.00
# Visual Studio 15
VisualStudioVersion = 15.0.27004.2009
MinimumVisualStudioVersion = 10.0.40219.1
Project("{FAE04EC0-301F-11D3-BF4B-00C04F79EFBC}") = "christmas-eve", "christmas-eve\christmas-eve.csproj", "{ABD3121D-9424-41AB-8895-449D1A2FD30C}"
EndProject
Project("{FAE04EC0-301F-11D3-BF4B-00C04F79EFBC}") = "christmas-eve.Tests", "christmas-eve.Tests\christmas-eve.Tests.csproj", "{C8F8F54A-84F5-49B5-82DC-5F46351F9D4D}"
EndProject
Project("{FAE04EC0-301F-11D3-BF4B-00C04F79EFBC}") = "christmas-eve.Classes", "christmas-eve.Classes\christmas-eve.Classes.csproj", "{3022605A-6039-4307-A844-F3A6B35226D3}"
EndProject
Global
	GlobalSection(SolutionConfigurationPlatforms) = preSolution
		Debug|Any CPU = Debug|Any CPU
		Release|Any CPU = Release|Any CPU
	EndGlobalSection
	GlobalSection(ProjectConfigurationPlatforms) = postSolution
		{ABD3121D-9424-41AB-8895-449D1A2FD30C}.Debug|Any CPU.ActiveCfg = Debug|Any CPU
		{ABD3121D-9424-41AB-8895-449D1A2FD30C}.Debug|Any CPU.Build.0 = Debug|Any CPU
		{ABD3121D-9424-41AB-8895-449D1A2FD30C}.Release|Any CPU.ActiveCfg = Release|Any CPU
		{ABD3121D-9424-41AB-8895-449D1A2FD30C}.Release|Any CPU.Build.0 = Release|Any CPU
		{C8F8F54A-84F5-49B5-82DC-5F46351F9D4D}.Debug|Any CPU.ActiveCfg = Debug|Any CPU
		{C8F8F54A-84F5-49B5-82DC-5F46351F9D4D}.Debug|Any CPU.Build.0 = Debug|Any CPU
		{C8F8F54A-84F5-49B5-82DC-5F46351F9D4D}.Release|Any CPU.ActiveCfg = Release|Any CPU
		{C8F8F54A-84F5-49B5-82DC-5F46351F9D4D}.Release|Any CPU.Build.0 = Release|Any CPU
		{3022605A-6039-4307-A844-F3A6B35226D3}.Debug|Any CPU.ActiveCfg = Debug|Any CPU
		{3022605A-6039-4307-A844-F3A6B35226D3}.Debug|Any CPU.Build.0 = Debug|Any CPU
		{3022605A-6039-4307-A844-F3A6B35226D3}.Release|Any CPU.ActiveCfg = Release|Any CPU
		{3022605A-6039-4307-A844-F3A6B35226D3}.Release|Any CPU.Build.0 = Release|Any CPU
	EndGlobalSection
	GlobalSection(SolutionProperties) = preSolution
		HideSolutionNode = FALSE
	EndGlobalSection
	GlobalSection(ExtensibilityGlobals) = postSolution
		SolutionGuid = {15692783-21C4-4C34-ACD1-D91089060FBD}
	EndGlobalSection
EndGlobal
